{
    "name": "resume",
    "version": "0.1.0",
    "lockfileVersion": 1,
    "requires": true,
    "dependencies": {
        "vue-i18n": {
            "version": "8.15.4",
            "resolved": "https://registry.npmjs.org/vue-i18n/-/vue-i18n-8.15.4.tgz",
            "integrity": "sha512-brhbJRB/gyWlroAhQZU0TNTQzNonbkHmzH4HlJzs7c+DsVIhB5OlRHg3zAl+85kkT8mpxzvBE6Bm1slqnRRmsg=="
        },
        "vue-router": {
            "version": "3.1.6",
            "resolved": "https://registry.npmjs.org/vue-router/-/vue-router-3.1.6.tgz",
            "integrity": "sha512-GYhn2ynaZlysZMkFE5oCHRUTqE8BWs/a9YbKpNLi0i7xD6KG1EzDqpHQmv1F5gXjr8kL5iIVS8EOtRaVUEXTqA=="
        }
    }
}
